{
  "object": {
    "pins": [
      {
        "package": "Lilliput",
        "repositoryURL": "https://github.com/jkolb/Lilliput",
        "state": {
          "branch": null,
          "revision": "227c8015491ac9a870463cff02aba8f7111d601b",
          "version": "9.2.0"
        }
      },
      {
        "package": "Swiftish",
        "repositoryURL": "https://github.com/jkolb/Swiftish",
        "state": {
          "branch": null,
          "revision": "d8680cba1e30bbfd212844cae3a2081cc00e16a7",
          "version": "4.2.0"
        }
      }
    ]
  },
  "version": 1
}
